
Microsoft Visual Studio Solution File, Format Version 12.00
# Visual Studio Version 16
VisualStudioVersion = 16.0.30104.148
MinimumVisualStudioVersion = 10.0.40219.1
Project("{FAE04EC0-301F-11D3-BF4B-00C04F79EFBC}") = "Exam", "Exam\Exam.csproj", "{F053304E-44C9-4766-B3C2-6D6AA0C1CD86}"
EndProject
Project("{FAE04EC0-301F-11D3-BF4B-00C04F79EFBC}") = "Library", "Library\Library.csproj", "{EACDE0E7-FC15-4424-B6DB-44FD3FAC59F2}"
EndProject
Project("{FAE04EC0-301F-11D3-BF4B-00C04F79EFBC}") = "DAL", "DAL\DAL.csproj", "{EE2658A8-8E4D-4BEB-87FA-B9146F79C46A}"
EndProject
Global
	GlobalSection(SolutionConfigurationPlatforms) = preSolution
		Debug|Any CPU = Debug|Any CPU
		Release|Any CPU = Release|Any CPU
	EndGlobalSection
	GlobalSection(ProjectConfigurationPlatforms) = postSolution
		{F053304E-44C9-4766-B3C2-6D6AA0C1CD86}.Debug|Any CPU.ActiveCfg = Debug|Any CPU
		{F053304E-44C9-4766-B3C2-6D6AA0C1CD86}.Debug|Any CPU.Build.0 = Debug|Any CPU
		{F053304E-44C9-4766-B3C2-6D6AA0C1CD86}.Release|Any CPU.ActiveCfg = Release|Any CPU
		{F053304E-44C9-4766-B3C2-6D6AA0C1CD86}.Release|Any CPU.Build.0 = Release|Any CPU
		{EACDE0E7-FC15-4424-B6DB-44FD3FAC59F2}.Debug|Any CPU.ActiveCfg = Debug|Any CPU
		{EACDE0E7-FC15-4424-B6DB-44FD3FAC59F2}.Debug|Any CPU.Build.0 = Debug|Any CPU
		{EACDE0E7-FC15-4424-B6DB-44FD3FAC59F2}.Release|Any CPU.ActiveCfg = Release|Any CPU
		{EACDE0E7-FC15-4424-B6DB-44FD3FAC59F2}.Release|Any CPU.Build.0 = Release|Any CPU
		{EE2658A8-8E4D-4BEB-87FA-B9146F79C46A}.Debug|Any CPU.ActiveCfg = Debug|Any CPU
		{EE2658A8-8E4D-4BEB-87FA-B9146F79C46A}.Debug|Any CPU.Build.0 = Debug|Any CPU
		{EE2658A8-8E4D-4BEB-87FA-B9146F79C46A}.Release|Any CPU.ActiveCfg = Release|Any CPU
		{EE2658A8-8E4D-4BEB-87FA-B9146F79C46A}.Release|Any CPU.Build.0 = Release|Any CPU
	EndGlobalSection
	GlobalSection(SolutionProperties) = preSolution
		HideSolutionNode = FALSE
	EndGlobalSection
	GlobalSection(ExtensibilityGlobals) = postSolution
		SolutionGuid = {54FAD69F-16EC-48D0-9B4A-D7CA32749583}
	EndGlobalSection
EndGlobal
